
Microsoft Visual Studio Solution File, Format Version 12.00
# Visual Studio 2012
Project("{FAE04EC0-301F-11D3-BF4B-00C04F79EFBC}") = "SkeletonViewer", "SkeletonViewer\SkeletonViewer.csproj", "{F8D28EE6-27F0-4F47-8BA9-FB7EE566B7FF}"
EndProject
Global
	GlobalSection(SolutionConfigurationPlatforms) = preSolution
		Debug|Any CPU = Debug|Any CPU
		Release|Any CPU = Release|Any CPU
	EndGlobalSection
	GlobalSection(ProjectConfigurationPlatforms) = postSolution
		{F8D28EE6-27F0-4F47-8BA9-FB7EE566B7FF}.Debug|Any CPU.ActiveCfg = Debug|Any CPU
		{F8D28EE6-27F0-4F47-8BA9-FB7EE566B7FF}.Debug|Any CPU.Build.0 = Debug|Any CPU
		{F8D28EE6-27F0-4F47-8BA9-FB7EE566B7FF}.Release|Any CPU.ActiveCfg = Release|Any CPU
		{F8D28EE6-27F0-4F47-8BA9-FB7EE566B7FF}.Release|Any CPU.Build.0 = Release|Any CPU
	EndGlobalSection
	GlobalSection(SolutionProperties) = preSolution
		HideSolutionNode = FALSE
	EndGlobalSection
EndGlobal
